
Microsoft Visual Studio Solution File, Format Version 12.00
# Visual Studio 15
VisualStudioVersion = 15.0.28307.136
MinimumVisualStudioVersion = 10.0.40219.1
Project("{888888A0-9F3D-457C-B088-3A5042F75D52}") = "爬虫闯关1", "爬虫闯关1\爬虫闯关1.pyproj", "{FB98EA22-2641-4AC5-BB64-507604FC5471}"
EndProject
Global
	GlobalSection(SolutionConfigurationPlatforms) = preSolution
		Debug|Any CPU = Debug|Any CPU
		Release|Any CPU = Release|Any CPU
	EndGlobalSection
	GlobalSection(ProjectConfigurationPlatforms) = postSolution
		{FB98EA22-2641-4AC5-BB64-507604FC5471}.Debug|Any CPU.ActiveCfg = Debug|Any CPU
		{FB98EA22-2641-4AC5-BB64-507604FC5471}.Release|Any CPU.ActiveCfg = Release|Any CPU
	EndGlobalSection
	GlobalSection(SolutionProperties) = preSolution
		HideSolutionNode = FALSE
	EndGlobalSection
	GlobalSection(ExtensibilityGlobals) = postSolution
		SolutionGuid = {BFAA3D36-56C1-47C7-9F00-174C879B9967}
	EndGlobalSection
EndGlobal
